
Microsoft Visual Studio Solution File, Format Version 12.00
# Visual Studio 15
VisualStudioVersion = 15.0.27130.2024
MinimumVisualStudioVersion = 10.0.40219.1
Project("{F2A71F9B-5D33-465A-A702-920D77279786}") = "Optional.net", "Optional.net\Optional.net.fsproj", "{618E4159-C420-4279-A42E-995056F4E360}"
EndProject
Global
	GlobalSection(SolutionConfigurationPlatforms) = preSolution
		Debug|Any CPU = Debug|Any CPU
		Release|Any CPU = Release|Any CPU
	EndGlobalSection
	GlobalSection(ProjectConfigurationPlatforms) = postSolution
		{618E4159-C420-4279-A42E-995056F4E360}.Debug|Any CPU.ActiveCfg = Debug|Any CPU
		{618E4159-C420-4279-A42E-995056F4E360}.Debug|Any CPU.Build.0 = Debug|Any CPU
		{618E4159-C420-4279-A42E-995056F4E360}.Release|Any CPU.ActiveCfg = Release|Any CPU
		{618E4159-C420-4279-A42E-995056F4E360}.Release|Any CPU.Build.0 = Release|Any CPU
	EndGlobalSection
	GlobalSection(SolutionProperties) = preSolution
		HideSolutionNode = FALSE
	EndGlobalSection
	GlobalSection(ExtensibilityGlobals) = postSolution
		SolutionGuid = {202C77DA-E486-42B9-A41D-2B2D38591976}
	EndGlobalSection
EndGlobal
